
Microsoft Visual Studio Solution File, Format Version 12.00
# Visual Studio 15
VisualStudioVersion = 15.0.27703.2042
MinimumVisualStudioVersion = 10.0.40219.1
Project("{FAE04EC0-301F-11D3-BF4B-00C04F79EFBC}") = "ChessUI", "Chess\ChessUI.csproj", "{592CCEF6-A4F7-4A34-B7AF-379B3BDEA91C}"
EndProject
Project("{FAE04EC0-301F-11D3-BF4B-00C04F79EFBC}") = "ChessConsole", "ChessConsole\ChessConsole.csproj", "{99808259-9419-4271-826C-B619ACADCE81}"
EndProject
Project("{FAE04EC0-301F-11D3-BF4B-00C04F79EFBC}") = "ChessLib", "ChessLib\ChessLib.csproj", "{2D29D6B5-32BE-4C26-B31B-462D1332B2A1}"
EndProject
Project("{FAE04EC0-301F-11D3-BF4B-00C04F79EFBC}") = "ChessTest", "ChessTest\ChessTest.csproj", "{BAF0D312-A1FA-489B-9BF7-F6165883CD90}"
EndProject
Global
	GlobalSection(SolutionConfigurationPlatforms) = preSolution
		Debug|Any CPU = Debug|Any CPU
		Release|Any CPU = Release|Any CPU
	EndGlobalSection
	GlobalSection(ProjectConfigurationPlatforms) = postSolution
		{592CCEF6-A4F7-4A34-B7AF-379B3BDEA91C}.Debug|Any CPU.ActiveCfg = Debug|Any CPU
		{592CCEF6-A4F7-4A34-B7AF-379B3BDEA91C}.Debug|Any CPU.Build.0 = Debug|Any CPU
		{592CCEF6-A4F7-4A34-B7AF-379B3BDEA91C}.Release|Any CPU.ActiveCfg = Release|Any CPU
		{592CCEF6-A4F7-4A34-B7AF-379B3BDEA91C}.Release|Any CPU.Build.0 = Release|Any CPU
		{99808259-9419-4271-826C-B619ACADCE81}.Debug|Any CPU.ActiveCfg = Debug|Any CPU
		{99808259-9419-4271-826C-B619ACADCE81}.Debug|Any CPU.Build.0 = Debug|Any CPU
		{99808259-9419-4271-826C-B619ACADCE81}.Release|Any CPU.ActiveCfg = Release|Any CPU
		{99808259-9419-4271-826C-B619ACADCE81}.Release|Any CPU.Build.0 = Release|Any CPU
		{2D29D6B5-32BE-4C26-B31B-462D1332B2A1}.Debug|Any CPU.ActiveCfg = Debug|Any CPU
		{2D29D6B5-32BE-4C26-B31B-462D1332B2A1}.Debug|Any CPU.Build.0 = Debug|Any CPU
		{2D29D6B5-32BE-4C26-B31B-462D1332B2A1}.Release|Any CPU.ActiveCfg = Release|Any CPU
		{2D29D6B5-32BE-4C26-B31B-462D1332B2A1}.Release|Any CPU.Build.0 = Release|Any CPU
		{BAF0D312-A1FA-489B-9BF7-F6165883CD90}.Debug|Any CPU.ActiveCfg = Debug|Any CPU
		{BAF0D312-A1FA-489B-9BF7-F6165883CD90}.Debug|Any CPU.Build.0 = Debug|Any CPU
		{BAF0D312-A1FA-489B-9BF7-F6165883CD90}.Release|Any CPU.ActiveCfg = Release|Any CPU
		{BAF0D312-A1FA-489B-9BF7-F6165883CD90}.Release|Any CPU.Build.0 = Release|Any CPU
	EndGlobalSection
	GlobalSection(SolutionProperties) = preSolution
		HideSolutionNode = FALSE
	EndGlobalSection
	GlobalSection(ExtensibilityGlobals) = postSolution
		SolutionGuid = {598C4460-0F3D-468D-9473-FB9542D05626}
	EndGlobalSection
EndGlobal
